
Microsoft Visual Studio Solution File, Format Version 12.00
# Visual Studio Version 17
VisualStudioVersion = 17.12.35527.113 d17.12
MinimumVisualStudioVersion = 10.0.40219.1
Project("{FAE04EC0-301F-11D3-BF4B-00C04F79EFBC}") = "Demoo", "Demoo\Demoo.csproj", "{A926AA0F-8CE8-4A57-9968-C96DE44416B0}"
EndProject
Project("{FAE04EC0-301F-11D3-BF4B-00C04F79EFBC}") = "Task", "Task\Task.csproj", "{D160BD9D-1828-4062-BF93-E0E41C9B8CFE}"
EndProject
Global
	GlobalSection(SolutionConfigurationPlatforms) = preSolution
		Debug|Any CPU = Debug|Any CPU
		Release|Any CPU = Release|Any CPU
	EndGlobalSection
	GlobalSection(ProjectConfigurationPlatforms) = postSolution
		{A926AA0F-8CE8-4A57-9968-C96DE44416B0}.Debug|Any CPU.ActiveCfg = Debug|Any CPU
		{A926AA0F-8CE8-4A57-9968-C96DE44416B0}.Debug|Any CPU.Build.0 = Debug|Any CPU
		{A926AA0F-8CE8-4A57-9968-C96DE44416B0}.Release|Any CPU.ActiveCfg = Release|Any CPU
		{A926AA0F-8CE8-4A57-9968-C96DE44416B0}.Release|Any CPU.Build.0 = Release|Any CPU
		{D160BD9D-1828-4062-BF93-E0E41C9B8CFE}.Debug|Any CPU.ActiveCfg = Debug|Any CPU
		{D160BD9D-1828-4062-BF93-E0E41C9B8CFE}.Debug|Any CPU.Build.0 = Debug|Any CPU
		{D160BD9D-1828-4062-BF93-E0E41C9B8CFE}.Release|Any CPU.ActiveCfg = Release|Any CPU
		{D160BD9D-1828-4062-BF93-E0E41C9B8CFE}.Release|Any CPU.Build.0 = Release|Any CPU
	EndGlobalSection
	GlobalSection(SolutionProperties) = preSolution
		HideSolutionNode = FALSE
	EndGlobalSection
EndGlobal
